{
  "name": "epic-case-converter",
  "version": "1.0.1",
  "lockfileVersion": 3,
  "requires": true,
  "packages": {
    "": {
      "name": "epic-case-converter",
      "version": "1.0.1",
      "license": "ISC",
      "dependencies": {
        "epic-case-converter": "^1.0.1"
      }
    },
    "node_modules/epic-case-converter": {
      "version": "1.0.1",
      "resolved": "https://registry.npmjs.org/epic-case-converter/-/epic-case-converter-1.0.1.tgz",
      "integrity": "sha512-wNEm5BU91yHtl+nEhmddIibWBdcPlJc1TWGNCDeyJG5zcMRo7mErWT7FtiVIlj3t7t6OSSJuH/fpjuWkmrJBbg=="
    }
  }
}
