{
  "name": "epic-case-converter",
  "version": "1.0.0",
  "lockfileVersion": 3,
  "requires": true,
  "packages": {
    "": {
      "name": "epic-case-converter",
      "version": "1.0.0",
      "license": "ISC",
      "dependencies": {
        "epic-case-converter": "^1.0.0"
      }
    },
    "node_modules/epic-case-converter": {
      "version": "1.0.0",
      "resolved": "https://registry.npmjs.org/epic-case-converter/-/epic-case-converter-1.0.0.tgz",
      "integrity": "sha512-2E+vaVxB/QLkKGb2QK1YxWfyFABdKTWPvJ9XeDB3BpFCIx1QQWkFr794gipaIa56+ReMNObJQ6gWinExK0eJZw=="
    }
  }
}
